
Microsoft Visual Studio Solution File, Format Version 12.00
# Visual Studio Version 16
VisualStudioVersion = 25.0.1704.0
MinimumVisualStudioVersion = 10.0.40219.1
Project("{9344BDBB-3E7F-41FC-A0DD-8665D75EE146}") = "Roslyn.Hosting.Diagnostics", "Roslyn.Hosting.Diagnostics\Roslyn.Hosting.Diagnostics.csproj", "{D91D203D-87CC-4C84-884B-60CD3A9DC82A}"
EndProject
Project("{FAE04EC0-301F-11D3-BF4B-00C04F79EFBC}") = "Vinegar", "Vinegar\Vinegar.csproj", "{4A138805-6102-4673-91E5-28AC04142A7E}"
EndProject
Global
	GlobalSection(SolutionConfigurationPlatforms) = preSolution
		Debug|Any CPU = Debug|Any CPU
		Release|Any CPU = Release|Any CPU
	EndGlobalSection
	GlobalSection(ProjectConfigurationPlatforms) = postSolution
		{D91D203D-87CC-4C84-884B-60CD3A9DC82A}.Debug|Any CPU.ActiveCfg = Debug|Any CPU
		{D91D203D-87CC-4C84-884B-60CD3A9DC82A}.Debug|Any CPU.Build.0 = Debug|Any CPU
		{D91D203D-87CC-4C84-884B-60CD3A9DC82A}.Release|Any CPU.ActiveCfg = Release|Any CPU
		{D91D203D-87CC-4C84-884B-60CD3A9DC82A}.Release|Any CPU.Build.0 = Release|Any CPU
		{4A138805-6102-4673-91E5-28AC04142A7E}.Debug|Any CPU.ActiveCfg = Debug|Any CPU
		{4A138805-6102-4673-91E5-28AC04142A7E}.Debug|Any CPU.Build.0 = Debug|Any CPU
		{4A138805-6102-4673-91E5-28AC04142A7E}.Release|Any CPU.ActiveCfg = Release|Any CPU
		{4A138805-6102-4673-91E5-28AC04142A7E}.Release|Any CPU.Build.0 = Release|Any CPU
	EndGlobalSection
	GlobalSection(SolutionProperties) = preSolution
		HideSolutionNode = FALSE
	EndGlobalSection
	GlobalSection(ExtensibilityGlobals) = postSolution
		SolutionGuid = {0BB6F801-A01F-41FA-BAD1-1A134FB590C5}
	EndGlobalSection
EndGlobal
